// !$*UTF8*$!
{
	archiveVersion = 1;
	classes = {
	};
	objectVersion = 56;
	objects = {

/* Begin PBXBuildFile section */
		BA1B13802C648734002C8723 /* AppDelegate.swift in Sources */ = {isa = PBXBuildFile; fileRef = BA1B137F2C648734002C8723 /* AppDelegate.swift */; };
		BA1B13822C648734002C8723 /* SceneDelegate.swift in Sources */ = {isa = PBXBuildFile; fileRef = BA1B13812C648734002C8723 /* SceneDelegate.swift */; };
		BA1B13842C648734002C8723 /* SignUpViewController.swift in Sources */ = {isa = PBXBuildFile; fileRef = BA1B13832C648734002C8723 /* SignUpViewController.swift */; };
		BA1B13892C648737002C8723 /* Assets.xcassets in Resources */ = {isa = PBXBuildFile; fileRef = BA1B13882C648737002C8723 /* Assets.xcassets */; };
		BA1B138C2C648737002C8723 /* Base in Resources */ = {isa = PBXBuildFile; fileRef = BA1B138B2C648737002C8723 /* Base */; };
		BA1B13942C6487A6002C8723 /* Model.swift in Sources */ = {isa = PBXBuildFile; fileRef = BA1B13932C6487A6002C8723 /* Model.swift */; };
		BA1B139D2C648BB8002C8723 /* AuthenticationViewController.swift in Sources */ = {isa = PBXBuildFile; fileRef = BA1B139C2C648BB8002C8723 /* AuthenticationViewController.swift */; };
		BA1B13A02C663F29002C8723 /* SnapKit in Frameworks */ = {isa = PBXBuildFile; productRef = BA1B139F2C663F29002C8723 /* SnapKit */; };
		BA1B13A42C6660AB002C8723 /* WelcomeViewController.swift in Sources */ = {isa = PBXBuildFile; fileRef = BA1B13A32C6660AB002C8723 /* WelcomeViewController.swift */; };
/* End PBXBuildFile section */

/* Begin PBXFileReference section */
		BA1B137C2C648734002C8723 /* OneMonth_internshipProject.app */ = {isa = PBXFileReference; explicitFileType = wrapper.application; includeInIndex = 0; path = OneMonth_internshipProject.app; sourceTree = BUILT_PRODUCTS_DIR; };
		BA1B137F2C648734002C8723 /* AppDelegate.swift */ = {isa = PBXFileReference; lastKnownFileType = sourcecode.swift; path = AppDelegate.swift; sourceTree = "<group>"; };
		BA1B13812C648734002C8723 /* SceneDelegate.swift */ = {isa = PBXFileReference; lastKnownFileType = sourcecode.swift; path = SceneDelegate.swift; sourceTree = "<group>"; };
		BA1B13832C648734002C8723 /* SignUpViewController.swift */ = {isa = PBXFileReference; lastKnownFileType = sourcecode.swift; path = SignUpViewController.swift; sourceTree = "<group>"; };
		BA1B13882C648737002C8723 /* Assets.xcassets */ = {isa = PBXFileReference; lastKnownFileType = folder.assetcatalog; path = Assets.xcassets; sourceTree = "<group>"; };
		BA1B138B2C648737002C8723 /* Base */ = {isa = PBXFileReference; lastKnownFileType = file.storyboard; name = Base; path = Base.lproj/LaunchScreen.storyboard; sourceTree = "<group>"; };
		BA1B138D2C648737002C8723 /* Info.plist */ = {isa = PBXFileReference; lastKnownFileType = text.plist.xml; path = Info.plist; sourceTree = "<group>"; };
		BA1B13932C6487A6002C8723 /* Model.swift */ = {isa = PBXFileReference; lastKnownFileType = sourcecode.swift; path = Model.swift; sourceTree = "<group>"; };
		BA1B139C2C648BB8002C8723 /* AuthenticationViewController.swift */ = {isa = PBXFileReference; lastKnownFileType = sourcecode.swift; path = AuthenticationViewController.swift; sourceTree = "<group>"; };
		BA1B13A32C6660AB002C8723 /* WelcomeViewController.swift */ = {isa = PBXFileReference; lastKnownFileType = sourcecode.swift; path = WelcomeViewController.swift; sourceTree = "<group>"; };
/* End PBXFileReference section */

/* Begin PBXFrameworksBuildPhase section */
		BA1B13792C648734002C8723 /* Frameworks */ = {
			isa = PBXFrameworksBuildPhase;
			buildActionMask = 2147483647;
			files = (
				BA1B13A02C663F29002C8723 /* SnapKit in Frameworks */,
			);
			runOnlyForDeploymentPostprocessing = 0;
		};
/* End PBXFrameworksBuildPhase section */

/* Begin PBXGroup section */
		BA1B13732C648734002C8723 = {
			isa = PBXGroup;
			children = (
				BA1B137E2C648734002C8723 /* OneMonth_internshipProject */,
				BA1B137D2C648734002C8723 /* Products */,
			);
			sourceTree = "<group>";
		};
		BA1B137D2C648734002C8723 /* Products */ = {
			isa = PBXGroup;
			children = (
				BA1B137C2C648734002C8723 /* OneMonth_internshipProject.app */,
			);
			name = Products;
			sourceTree = "<group>";
		};
		BA1B137E2C648734002C8723 /* OneMonth_internshipProject */ = {
			isa = PBXGroup;
			children = (
				BA1B139B2C648815002C8723 /* Controller */,
				BA1B13992C648804002C8723 /* View */,
				BA1B13972C6487F2002C8723 /* Model */,
				BA1B137F2C648734002C8723 /* AppDelegate.swift */,
				BA1B13812C648734002C8723 /* SceneDelegate.swift */,
				BA1B13882C648737002C8723 /* Assets.xcassets */,
				BA1B138A2C648737002C8723 /* LaunchScreen.storyboard */,
				BA1B138D2C648737002C8723 /* Info.plist */,
			);
			path = OneMonth_internshipProject;
			sourceTree = "<group>";
		};
		BA1B13972C6487F2002C8723 /* Model */ = {
			isa = PBXGroup;
			children = (
				BA1B13932C6487A6002C8723 /* Model.swift */,
			);
			path = Model;
			sourceTree = "<group>";
		};
		BA1B13992C648804002C8723 /* View */ = {
			isa = PBXGroup;
			children = (
			);
			path = View;
			sourceTree = "<group>";
		};
		BA1B139B2C648815002C8723 /* Controller */ = {
			isa = PBXGroup;
			children = (
				BA1B13832C648734002C8723 /* SignUpViewController.swift */,
				BA1B139C2C648BB8002C8723 /* AuthenticationViewController.swift */,
				BA1B13A32C6660AB002C8723 /* WelcomeViewController.swift */,
			);
			path = Controller;
			sourceTree = "<group>";
		};
/* End PBXGroup section */

/* Begin PBXNativeTarget section */
		BA1B137B2C648734002C8723 /* OneMonth_internshipProject */ = {
			isa = PBXNativeTarget;
			buildConfigurationList = BA1B13902C648737002C8723 /* Build configuration list for PBXNativeTarget "OneMonth_internshipProject" */;
			buildPhases = (
				BA1B13782C648734002C8723 /* Sources */,
				BA1B13792C648734002C8723 /* Frameworks */,
				BA1B137A2C648734002C8723 /* Resources */,
			);
			buildRules = (
			);
			dependencies = (
			);
			name = OneMonth_internshipProject;
			packageProductDependencies = (
				BA1B139F2C663F29002C8723 /* SnapKit */,
			);
			productName = OneMonth_internshipProject;
			productReference = BA1B137C2C648734002C8723 /* OneMonth_internshipProject.app */;
			productType = "com.apple.product-type.application";
		};
/* End PBXNativeTarget section */

/* Begin PBXProject section */
		BA1B13742C648734002C8723 /* Project object */ = {
			isa = PBXProject;
			attributes = {
				BuildIndependentTargetsInParallel = 1;
				LastSwiftUpdateCheck = 1540;
				LastUpgradeCheck = 1540;
				TargetAttributes = {
					BA1B137B2C648734002C8723 = {
						CreatedOnToolsVersion = 15.4;
					};
				};
			};
			buildConfigurationList = BA1B13772C648734002C8723 /* Build configuration list for PBXProject "OneMonth_internshipProject" */;
			compatibilityVersion = "Xcode 14.0";
			developmentRegion = en;
			hasScannedForEncodings = 0;
			knownRegions = (
				en,
				Base,
			);
			mainGroup = BA1B13732C648734002C8723;
			packageReferences = (
				BA1B139E2C663F29002C8723 /* XCRemoteSwiftPackageReference "SnapKit" */,
			);
			productRefGroup = BA1B137D2C648734002C8723 /* Products */;
			projectDirPath = "";
			projectRoot = "";
			targets = (
				BA1B137B2C648734002C8723 /* OneMonth_internshipProject */,
			);
		};
/* End PBXProject section */

/* Begin PBXResourcesBuildPhase section */
		BA1B137A2C648734002C8723 /* Resources */ = {
			isa = PBXResourcesBuildPhase;
			buildActionMask = 2147483647;
			files = (
				BA1B13892C648737002C8723 /* Assets.xcassets in Resources */,
				BA1B138C2C648737002C8723 /* Base in Resources */,
			);
			runOnlyForDeploymentPostprocessing = 0;
		};
/* End PBXResourcesBuildPhase section */

/* Begin PBXSourcesBuildPhase section */
		BA1B13782C648734002C8723 /* Sources */ = {
			isa = PBXSourcesBuildPhase;
			buildActionMask = 2147483647;
			files = (
				BA1B13842C648734002C8723 /* SignUpViewController.swift in Sources */,
				BA1B13802C648734002C8723 /* AppDelegate.swift in Sources */,
				BA1B139D2C648BB8002C8723 /* AuthenticationViewController.swift in Sources */,
				BA1B13A42C6660AB002C8723 /* WelcomeViewController.swift in Sources */,
				BA1B13822C648734002C8723 /* SceneDelegate.swift in Sources */,
				BA1B13942C6487A6002C8723 /* Model.swift in Sources */,
			);
			runOnlyForDeploymentPostprocessing = 0;
		};
/* End PBXSourcesBuildPhase section */

/* Begin PBXVariantGroup section */
		BA1B138A2C648737002C8723 /* LaunchScreen.storyboard */ = {
			isa = PBXVariantGroup;
			children = (
				BA1B138B2C648737002C8723 /* Base */,
			);
			name = LaunchScreen.storyboard;
			sourceTree = "<group>";
		};
/* End PBXVariantGroup section */

/* Begin XCBuildConfiguration section */
		BA1B138E2C648737002C8723 /* Debug */ = {
			isa = XCBuildConfiguration;
			buildSettings = {
				ALWAYS_SEARCH_USER_PATHS = NO;
				ASSETCATALOG_COMPILER_GENERATE_SWIFT_ASSET_SYMBOL_EXTENSIONS = YES;
				CLANG_ANALYZER_NONNULL = YES;
				CLANG_ANALYZER_NUMBER_OBJECT_CONVERSION = YES_AGGRESSIVE;
				CLANG_CXX_LANGUAGE_STANDARD = "gnu++20";
				CLANG_ENABLE_MODULES = YES;
				CLANG_ENABLE_OBJC_ARC = YES;
				CLANG_ENABLE_OBJC_WEAK = YES;
				CLANG_WARN_BLOCK_CAPTURE_AUTORELEASING = YES;
				CLANG_WARN_BOOL_CONVERSION = YES;
				CLANG_WARN_COMMA = YES;
				CLANG_WARN_CONSTANT_CONVERSION = YES;
				CLANG_WARN_DEPRECATED_OBJC_IMPLEMENTATIONS = YES;
				CLANG_WARN_DIRECT_OBJC_ISA_USAGE = YES_ERROR;
				CLANG_WARN_DOCUMENTATION_COMMENTS = YES;
				CLANG_WARN_EMPTY_BODY = YES;
				CLANG_WARN_ENUM_CONVERSION = YES;
				CLANG_WARN_INFINITE_RECURSION = YES;
				CLANG_WARN_INT_CONVERSION = YES;
				CLANG_WARN_NON_LITERAL_NULL_CONVERSION = YES;
				CLANG_WARN_OBJC_IMPLICIT_RETAIN_SELF = YES;
				CLANG_WARN_OBJC_LITERAL_CONVERSION = YES;
				CLANG_WARN_OBJC_ROOT_CLASS = YES_ERROR;
				CLANG_WARN_QUOTED_INCLUDE_IN_FRAMEWORK_HEADER = YES;
				CLANG_WARN_RANGE_LOOP_ANALYSIS = YES;
				CLANG_WARN_STRICT_PROTOTYPES = YES;
				CLANG_WARN_SUSPICIOUS_MOVE = YES;
				CLANG_WARN_UNGUARDED_AVAILABILITY = YES_AGGRESSIVE;
				CLANG_WARN_UNREACHABLE_CODE = YES;
				CLANG_WARN__DUPLICATE_METHOD_MATCH = YES;
				COPY_PHASE_STRIP = NO;
				DEBUG_INFORMATION_FORMAT = dwarf;
				ENABLE_STRICT_OBJC_MSGSEND = YES;
				ENABLE_TESTABILITY = YES;
				ENABLE_USER_SCRIPT_SANDBOXING = YES;
				GCC_C_LANGUAGE_STANDARD = gnu17;
				GCC_DYNAMIC_NO_PIC = NO;
				GCC_NO_COMMON_BLOCKS = YES;
				GCC_OPTIMIZATION_LEVEL = 0;
				GCC_PREPROCESSOR_DEFINITIONS = (
					"DEBUG=1",
					"$(inherited)",
				);
				GCC_WARN_64_TO_32_BIT_CONVERSION = YES;
				GCC_WARN_ABOUT_RETURN_TYPE = YES_ERROR;
				GCC_WARN_UNDECLARED_SELECTOR = YES;
				GCC_WARN_UNINITIALIZED_AUTOS = YES_AGGRESSIVE;
				GCC_WARN_UNUSED_FUNCTION = YES;
				GCC_WARN_UNUSED_VARIABLE = YES;
				IPHONEOS_DEPLOYMENT_TARGET = 17.5;
				LOCALIZATION_PREFERS_STRING_CATALOGS = YES;
				MTL_ENABLE_DEBUG_INFO = INCLUDE_SOURCE;
				MTL_FAST_MATH = YES;
				ONLY_ACTIVE_ARCH = YES;
				SDKROOT = iphoneos;
				SWIFT_ACTIVE_COMPILATION_CONDITIONS = "DEBUG $(inherited)";
				SWIFT_OPTIMIZATION_LEVEL = "-Onone";
			};
			name = Debug;
		};
		BA1B138F2C648737002C8723 /* Release */ = {
			isa = XCBuildConfiguration;
			buildSettings = {
				ALWAYS_SEARCH_USER_PATHS = NO;
				ASSETCATALOG_COMPILER_GENERATE_SWIFT_ASSET_SYMBOL_EXTENSIONS = YES;
				CLANG_ANALYZER_NONNULL = YES;
				CLANG_ANALYZER_NUMBER_OBJECT_CONVERSION = YES_AGGRESSIVE;
				CLANG_CXX_LANGUAGE_STANDARD = "gnu++20";
				CLANG_ENABLE_MODULES = YES;
				CLANG_ENABLE_OBJC_ARC = YES;
				CLANG_ENABLE_OBJC_WEAK = YES;
				CLANG_WARN_BLOCK_CAPTURE_AUTORELEASING = YES;
				CLANG_WARN_BOOL_CONVERSION = YES;
				CLANG_WARN_COMMA = YES;
				CLANG_WARN_CONSTANT_CONVERSION = YES;
				CLANG_WARN_DEPRECATED_OBJC_IMPLEMENTATIONS = YES;
				CLANG_WARN_DIRECT_OBJC_ISA_USAGE = YES_ERROR;
				CLANG_WARN_DOCUMENTATION_COMMENTS = YES;
				CLANG_WARN_EMPTY_BODY = YES;
				CLANG_WARN_ENUM_CONVERSION = YES;
				CLANG_WARN_INFINITE_RECURSION = YES;
				CLANG_WARN_INT_CONVERSION = YES;
				CLANG_WARN_NON_LITERAL_NULL_CONVERSION = YES;
				CLANG_WARN_OBJC_IMPLICIT_RETAIN_SELF = YES;
				CLANG_WARN_OBJC_LITERAL_CONVERSION = YES;
				CLANG_WARN_OBJC_ROOT_CLASS = YES_ERROR;
				CLANG_WARN_QUOTED_INCLUDE_IN_FRAMEWORK_HEADER = YES;
				CLANG_WARN_RANGE_LOOP_ANALYSIS = YES;
				CLANG_WARN_STRICT_PROTOTYPES = YES;
				CLANG_WARN_SUSPICIOUS_MOVE = YES;
				CLANG_WARN_UNGUARDED_AVAILABILITY = YES_AGGRESSIVE;
				CLANG_WARN_UNREACHABLE_CODE = YES;
				CLANG_WARN__DUPLICATE_METHOD_MATCH = YES;
				COPY_PHASE_STRIP = NO;
				DEBUG_INFORMATION_FORMAT = "dwarf-with-dsym";
				ENABLE_NS_ASSERTIONS = NO;
				ENABLE_STRICT_OBJC_MSGSEND = YES;
				ENABLE_USER_SCRIPT_SANDBOXING = YES;
				GCC_C_LANGUAGE_STANDARD = gnu17;
				GCC_NO_COMMON_BLOCKS = YES;
				GCC_WARN_64_TO_32_BIT_CONVERSION = YES;
				GCC_WARN_ABOUT_RETURN_TYPE = YES_ERROR;
				GCC_WARN_UNDECLARED_SELECTOR = YES;
				GCC_WARN_UNINITIALIZED_AUTOS = YES_AGGRESSIVE;
				GCC_WARN_UNUSED_FUNCTION = YES;
				GCC_WARN_UNUSED_VARIABLE = YES;
				IPHONEOS_DEPLOYMENT_TARGET = 17.5;
				LOCALIZATION_PREFERS_STRING_CATALOGS = YES;
				MTL_ENABLE_DEBUG_INFO = NO;
				MTL_FAST_MATH = YES;
				SDKROOT = iphoneos;
				SWIFT_COMPILATION_MODE = wholemodule;
				VALIDATE_PRODUCT = YES;
			};
			name = Release;
		};
		BA1B13912C648737002C8723 /* Debug */ = {
			isa = XCBuildConfiguration;
			buildSettings = {
				ASSETCATALOG_COMPILER_APPICON_NAME = AppIcon;
				ASSETCATALOG_COMPILER_GLOBAL_ACCENT_COLOR_NAME = AccentColor;
				CODE_SIGN_STYLE = Automatic;
				CURRENT_PROJECT_VERSION = 1;
				DEVELOPMENT_TEAM = 23C2546KVU;
				GENERATE_INFOPLIST_FILE = YES;
				INFOPLIST_FILE = OneMonth_internshipProject/Info.plist;
				INFOPLIST_KEY_UIApplicationSupportsIndirectInputEvents = YES;
				INFOPLIST_KEY_UILaunchStoryboardName = LaunchScreen;
				INFOPLIST_KEY_UISupportedInterfaceOrientations_iPad = "UIInterfaceOrientationPortrait UIInterfaceOrientationPortraitUpsideDown UIInterfaceOrientationLandscapeLeft UIInterfaceOrientationLandscapeRight";
				INFOPLIST_KEY_UISupportedInterfaceOrientations_iPhone = "UIInterfaceOrientationPortrait UIInterfaceOrientationLandscapeLeft UIInterfaceOrientationLandscapeRight";
				LD_RUNPATH_SEARCH_PATHS = (
					"$(inherited)",
					"@executable_path/Frameworks",
				);
				MARKETING_VERSION = 1.0;
				PRODUCT_BUNDLE_IDENTIFIER = "com..OneMonth-internshipProject";
				PRODUCT_NAME = "$(TARGET_NAME)";
				SWIFT_EMIT_LOC_STRINGS = YES;
				SWIFT_VERSION = 5.0;
				TARGETED_DEVICE_FAMILY = "1,2";
			};
			name = Debug;
		};
		BA1B13922C648737002C8723 /* Release */ = {
			isa = XCBuildConfiguration;
			buildSettings = {
				ASSETCATALOG_COMPILER_APPICON_NAME = AppIcon;
				ASSETCATALOG_COMPILER_GLOBAL_ACCENT_COLOR_NAME = AccentColor;
				CODE_SIGN_STYLE = Automatic;
				CURRENT_PROJECT_VERSION = 1;
				DEVELOPMENT_TEAM = 23C2546KVU;
				GENERATE_INFOPLIST_FILE = YES;
				INFOPLIST_FILE = OneMonth_internshipProject/Info.plist;
				INFOPLIST_KEY_UIApplicationSupportsIndirectInputEvents = YES;
				INFOPLIST_KEY_UILaunchStoryboardName = LaunchScreen;
				INFOPLIST_KEY_UISupportedInterfaceOrientations_iPad = "UIInterfaceOrientationPortrait UIInterfaceOrientationPortraitUpsideDown UIInterfaceOrientationLandscapeLeft UIInterfaceOrientationLandscapeRight";
				INFOPLIST_KEY_UISupportedInterfaceOrientations_iPhone = "UIInterfaceOrientationPortrait UIInterfaceOrientationLandscapeLeft UIInterfaceOrientationLandscapeRight";
				LD_RUNPATH_SEARCH_PATHS = (
					"$(inherited)",
					"@executable_path/Frameworks",
				);
				MARKETING_VERSION = 1.0;
				PRODUCT_BUNDLE_IDENTIFIER = "com..OneMonth-internshipProject";
				PRODUCT_NAME = "$(TARGET_NAME)";
				SWIFT_EMIT_LOC_STRINGS = YES;
				SWIFT_VERSION = 5.0;
				TARGETED_DEVICE_FAMILY = "1,2";
			};
			name = Release;
		};
/* End XCBuildConfiguration section */

/* Begin XCConfigurationList section */
		BA1B13772C648734002C8723 /* Build configuration list for PBXProject "OneMonth_internshipProject" */ = {
			isa = XCConfigurationList;
			buildConfigurations = (
				BA1B138E2C648737002C8723 /* Debug */,
				BA1B138F2C648737002C8723 /* Release */,
			);
			defaultConfigurationIsVisible = 0;
			defaultConfigurationName = Release;
		};
		BA1B13902C648737002C8723 /* Build configuration list for PBXNativeTarget "OneMonth_internshipProject" */ = {
			isa = XCConfigurationList;
			buildConfigurations = (
				BA1B13912C648737002C8723 /* Debug */,
				BA1B13922C648737002C8723 /* Release */,
			);
			defaultConfigurationIsVisible = 0;
			defaultConfigurationName = Release;
		};
/* End XCConfigurationList section */

/* Begin XCRemoteSwiftPackageReference section */
		BA1B139E2C663F29002C8723 /* XCRemoteSwiftPackageReference "SnapKit" */ = {
			isa = XCRemoteSwiftPackageReference;
			repositoryURL = "https://github.com/SnapKit/SnapKit.git";
			requirement = {
				kind = upToNextMajorVersion;
				minimumVersion = 5.7.1;
			};
		};
/* End XCRemoteSwiftPackageReference section */

/* Begin XCSwiftPackageProductDependency section */
		BA1B139F2C663F29002C8723 /* SnapKit */ = {
			isa = XCSwiftPackageProductDependency;
			package = BA1B139E2C663F29002C8723 /* XCRemoteSwiftPackageReference "SnapKit" */;
			productName = SnapKit;
		};
/* End XCSwiftPackageProductDependency section */
	};
	rootObject = BA1B13742C648734002C8723 /* Project object */;
}
